
Microsoft Visual Studio Solution File, Format Version 12.00
# Visual Studio Version 17
VisualStudioVersion = 17.10.34916.146
MinimumVisualStudioVersion = 10.0.40219.1
Project("{778DAE3C-4631-46EA-AA77-85C1314464D9}") = "WinFormsApp", "WinFormsApp\WinFormsApp.vbproj", "{8593592C-474C-41F7-A122-F1F498CFD72C}"
EndProject
Project("{FAE04EC0-301F-11D3-BF4B-00C04F79EFBC}") = "WinFormsDtLib", "WinFormsDtLib\WinFormsDtLib.csproj", "{CAE626E3-F108-4E4F-9E57-2698C9204414}"
EndProject
Global
	GlobalSection(SolutionConfigurationPlatforms) = preSolution
		Debug|Any CPU = Debug|Any CPU
		Release|Any CPU = Release|Any CPU
	EndGlobalSection
	GlobalSection(ProjectConfigurationPlatforms) = postSolution
		{8593592C-474C-41F7-A122-F1F498CFD72C}.Debug|Any CPU.ActiveCfg = Debug|Any CPU
		{8593592C-474C-41F7-A122-F1F498CFD72C}.Debug|Any CPU.Build.0 = Debug|Any CPU
		{8593592C-474C-41F7-A122-F1F498CFD72C}.Release|Any CPU.ActiveCfg = Release|Any CPU
		{8593592C-474C-41F7-A122-F1F498CFD72C}.Release|Any CPU.Build.0 = Release|Any CPU
		{CAE626E3-F108-4E4F-9E57-2698C9204414}.Debug|Any CPU.ActiveCfg = Debug|Any CPU
		{CAE626E3-F108-4E4F-9E57-2698C9204414}.Debug|Any CPU.Build.0 = Debug|Any CPU
		{CAE626E3-F108-4E4F-9E57-2698C9204414}.Release|Any CPU.ActiveCfg = Release|Any CPU
		{CAE626E3-F108-4E4F-9E57-2698C9204414}.Release|Any CPU.Build.0 = Release|Any CPU
	EndGlobalSection
	GlobalSection(SolutionProperties) = preSolution
		HideSolutionNode = FALSE
	EndGlobalSection
	GlobalSection(ExtensibilityGlobals) = postSolution
		SolutionGuid = {3B85E578-CB5A-457E-B047-4C2E48C2791B}
	EndGlobalSection
EndGlobal
